// !$*UTF8*$!
{
	archiveVersion = 1;
	classes = {
	};
	objectVersion = 46;
	objects = {

/* Begin PBXBuildFile section */
		7D13A20E1EDF0057005C3938 /* MobileCoreServices.framework in Frameworks */ = {isa = PBXBuildFile; fileRef = 7D13A20D1EDF0057005C3938 /* MobileCoreServices.framework */; };
		7DF927D31EDEA22B001AF22D /* AppDelegate.swift in Sources */ = {isa = PBXBuildFile; fileRef = 7DF927D21EDEA22B001AF22D /* AppDelegate.swift */; };
		7DF927D51EDEA22B001AF22D /* ViewController.swift in Sources */ = {isa = PBXBuildFile; fileRef = 7DF927D41EDEA22B001AF22D /* ViewController.swift */; };
		7DF927D81EDEA22B001AF22D /* Main.storyboard in Resources */ = {isa = PBXBuildFile; fileRef = 7DF927D61EDEA22B001AF22D /* Main.storyboard */; };
		7DF927DA1EDEA22B001AF22D /* Assets.xcassets in Resources */ = {isa = PBXBuildFile; fileRef = 7DF927D91EDEA22B001AF22D /* Assets.xcassets */; };
		7DF927DD1EDEA22B001AF22D /* LaunchScreen.storyboard in Resources */ = {isa = PBXBuildFile; fileRef = 7DF927DB1EDEA22B001AF22D /* LaunchScreen.storyboard */; };
		7DF927E81EDEA22B001AF22D /* NibInStoryboardTests.swift in Sources */ = {isa = PBXBuildFile; fileRef = 7DF927E71EDEA22B001AF22D /* NibInStoryboardTests.swift */; };
		7DF927F31EDEA241001AF22D /* CustomView.xib in Resources */ = {isa = PBXBuildFile; fileRef = 7DF927F21EDEA241001AF22D /* CustomView.xib */; };
		7DF927F51EDEA259001AF22D /* CustomView.swift in Sources */ = {isa = PBXBuildFile; fileRef = 7DF927F41EDEA259001AF22D /* CustomView.swift */; };
/* End PBXBuildFile section */

/* Begin PBXContainerItemProxy section */
		7DF927E41EDEA22B001AF22D /* PBXContainerItemProxy */ = {
			isa = PBXContainerItemProxy;
			containerPortal = 7DF927C71EDEA22A001AF22D /* Project object */;
			proxyType = 1;
			remoteGlobalIDString = 7DF927CE1EDEA22B001AF22D;
			remoteInfo = NibInStoryboard;
		};
/* End PBXContainerItemProxy section */

/* Begin PBXFileReference section */
		7D13A20D1EDF0057005C3938 /* MobileCoreServices.framework */ = {isa = PBXFileReference; lastKnownFileType = wrapper.framework; name = MobileCoreServices.framework; path = System/Library/Frameworks/MobileCoreServices.framework; sourceTree = SDKROOT; };
		7DF927CF1EDEA22B001AF22D /* NibInStoryboard.app */ = {isa = PBXFileReference; explicitFileType = wrapper.application; includeInIndex = 0; path = NibInStoryboard.app; sourceTree = BUILT_PRODUCTS_DIR; };
		7DF927D21EDEA22B001AF22D /* AppDelegate.swift */ = {isa = PBXFileReference; lastKnownFileType = sourcecode.swift; path = AppDelegate.swift; sourceTree = "<group>"; };
		7DF927D41EDEA22B001AF22D /* ViewController.swift */ = {isa = PBXFileReference; lastKnownFileType = sourcecode.swift; path = ViewController.swift; sourceTree = "<group>"; };
		7DF927D71EDEA22B001AF22D /* Base */ = {isa = PBXFileReference; lastKnownFileType = file.storyboard; name = Base; path = Base.lproj/Main.storyboard; sourceTree = "<group>"; };
		7DF927D91EDEA22B001AF22D /* Assets.xcassets */ = {isa = PBXFileReference; lastKnownFileType = folder.assetcatalog; path = Assets.xcassets; sourceTree = "<group>"; };
		7DF927DC1EDEA22B001AF22D /* Base */ = {isa = PBXFileReference; lastKnownFileType = file.storyboard; name = Base; path = Base.lproj/LaunchScreen.storyboard; sourceTree = "<group>"; };
		7DF927DE1EDEA22B001AF22D /* Info.plist */ = {isa = PBXFileReference; lastKnownFileType = text.plist.xml; path = Info.plist; sourceTree = "<group>"; };
		7DF927E31EDEA22B001AF22D /* NibInStoryboardTests.xctest */ = {isa = PBXFileReference; explicitFileType = wrapper.cfbundle; includeInIndex = 0; path = NibInStoryboardTests.xctest; sourceTree = BUILT_PRODUCTS_DIR; };
		7DF927E71EDEA22B001AF22D /* NibInStoryboardTests.swift */ = {isa = PBXFileReference; lastKnownFileType = sourcecode.swift; path = NibInStoryboardTests.swift; sourceTree = "<group>"; };
		7DF927E91EDEA22B001AF22D /* Info.plist */ = {isa = PBXFileReference; lastKnownFileType = text.plist.xml; path = Info.plist; sourceTree = "<group>"; };
		7DF927F21EDEA241001AF22D /* CustomView.xib */ = {isa = PBXFileReference; fileEncoding = 4; lastKnownFileType = file.xib; path = CustomView.xib; sourceTree = "<group>"; };
		7DF927F41EDEA259001AF22D /* CustomView.swift */ = {isa = PBXFileReference; fileEncoding = 4; lastKnownFileType = sourcecode.swift; path = CustomView.swift; sourceTree = "<group>"; };
/* End PBXFileReference section */

/* Begin PBXFrameworksBuildPhase section */
		7DF927CC1EDEA22B001AF22D /* Frameworks */ = {
			isa = PBXFrameworksBuildPhase;
			buildActionMask = 2147483647;
			files = (
				7D13A20E1EDF0057005C3938 /* MobileCoreServices.framework in Frameworks */,
			);
			runOnlyForDeploymentPostprocessing = 0;
		};
		7DF927E01EDEA22B001AF22D /* Frameworks */ = {
			isa = PBXFrameworksBuildPhase;
			buildActionMask = 2147483647;
			files = (
			);
			runOnlyForDeploymentPostprocessing = 0;
		};
/* End PBXFrameworksBuildPhase section */

/* Begin PBXGroup section */
		7D13A20C1EDF0057005C3938 /* Frameworks */ = {
			isa = PBXGroup;
			children = (
				7D13A20D1EDF0057005C3938 /* MobileCoreServices.framework */,
			);
			name = Frameworks;
			sourceTree = "<group>";
		};
		7DF927C61EDEA22A001AF22D = {
			isa = PBXGroup;
			children = (
				7DF927D11EDEA22B001AF22D /* NibInStoryboard */,
				7DF927E61EDEA22B001AF22D /* NibInStoryboardTests */,
				7DF927D01EDEA22B001AF22D /* Products */,
				7D13A20C1EDF0057005C3938 /* Frameworks */,
			);
			sourceTree = "<group>";
		};
		7DF927D01EDEA22B001AF22D /* Products */ = {
			isa = PBXGroup;
			children = (
				7DF927CF1EDEA22B001AF22D /* NibInStoryboard.app */,
				7DF927E31EDEA22B001AF22D /* NibInStoryboardTests.xctest */,
			);
			name = Products;
			sourceTree = "<group>";
		};
		7DF927D11EDEA22B001AF22D /* NibInStoryboard */ = {
			isa = PBXGroup;
			children = (
				7DF927D21EDEA22B001AF22D /* AppDelegate.swift */,
				7DF927D41EDEA22B001AF22D /* ViewController.swift */,
				7DF927F21EDEA241001AF22D /* CustomView.xib */,
				7DF927F41EDEA259001AF22D /* CustomView.swift */,
				7DF927D61EDEA22B001AF22D /* Main.storyboard */,
				7DF927D91EDEA22B001AF22D /* Assets.xcassets */,
				7DF927DB1EDEA22B001AF22D /* LaunchScreen.storyboard */,
				7DF927DE1EDEA22B001AF22D /* Info.plist */,
			);
			path = NibInStoryboard;
			sourceTree = "<group>";
		};
		7DF927E61EDEA22B001AF22D /* NibInStoryboardTests */ = {
			isa = PBXGroup;
			children = (
				7DF927E71EDEA22B001AF22D /* NibInStoryboardTests.swift */,
				7DF927E91EDEA22B001AF22D /* Info.plist */,
			);
			path = NibInStoryboardTests;
			sourceTree = "<group>";
		};
/* End PBXGroup section */

/* Begin PBXNativeTarget section */
		7DF927CE1EDEA22B001AF22D /* NibInStoryboard */ = {
			isa = PBXNativeTarget;
			buildConfigurationList = 7DF927EC1EDEA22B001AF22D /* Build configuration list for PBXNativeTarget "NibInStoryboard" */;
			buildPhases = (
				7DF927CB1EDEA22B001AF22D /* Sources */,
				7DF927CC1EDEA22B001AF22D /* Frameworks */,
				7DF927CD1EDEA22B001AF22D /* Resources */,
			);
			buildRules = (
			);
			dependencies = (
			);
			name = NibInStoryboard;
			productName = NibInStoryboard;
			productReference = 7DF927CF1EDEA22B001AF22D /* NibInStoryboard.app */;
			productType = "com.apple.product-type.application";
		};
		7DF927E21EDEA22B001AF22D /* NibInStoryboardTests */ = {
			isa = PBXNativeTarget;
			buildConfigurationList = 7DF927EF1EDEA22B001AF22D /* Build configuration list for PBXNativeTarget "NibInStoryboardTests" */;
			buildPhases = (
				7DF927DF1EDEA22B001AF22D /* Sources */,
				7DF927E01EDEA22B001AF22D /* Frameworks */,
				7DF927E11EDEA22B001AF22D /* Resources */,
			);
			buildRules = (
			);
			dependencies = (
				7DF927E51EDEA22B001AF22D /* PBXTargetDependency */,
			);
			name = NibInStoryboardTests;
			productName = NibInStoryboardTests;
			productReference = 7DF927E31EDEA22B001AF22D /* NibInStoryboardTests.xctest */;
			productType = "com.apple.product-type.bundle.unit-test";
		};
/* End PBXNativeTarget section */

/* Begin PBXProject section */
		7DF927C71EDEA22A001AF22D /* Project object */ = {
			isa = PBXProject;
			attributes = {
				LastSwiftUpdateCheck = 0830;
				LastUpgradeCheck = 0830;
				ORGANIZATIONNAME = KaiSchaefer;
				TargetAttributes = {
					7DF927CE1EDEA22B001AF22D = {
						CreatedOnToolsVersion = 8.3.2;
						DevelopmentTeam = RC7387MBAX;
						LastSwiftMigration = 0830;
						ProvisioningStyle = Automatic;
					};
					7DF927E21EDEA22B001AF22D = {
						CreatedOnToolsVersion = 8.3.2;
						ProvisioningStyle = Automatic;
						TestTargetID = 7DF927CE1EDEA22B001AF22D;
					};
				};
			};
			buildConfigurationList = 7DF927CA1EDEA22A001AF22D /* Build configuration list for PBXProject "NibInStoryboard" */;
			compatibilityVersion = "Xcode 3.2";
			developmentRegion = English;
			hasScannedForEncodings = 0;
			knownRegions = (
				en,
				Base,
			);
			mainGroup = 7DF927C61EDEA22A001AF22D;
			productRefGroup = 7DF927D01EDEA22B001AF22D /* Products */;
			projectDirPath = "";
			projectRoot = "";
			targets = (
				7DF927CE1EDEA22B001AF22D /* NibInStoryboard */,
				7DF927E21EDEA22B001AF22D /* NibInStoryboardTests */,
			);
		};
/* End PBXProject section */

/* Begin PBXResourcesBuildPhase section */
		7DF927CD1EDEA22B001AF22D /* Resources */ = {
			isa = PBXResourcesBuildPhase;
			buildActionMask = 2147483647;
			files = (
				7DF927DD1EDEA22B001AF22D /* LaunchScreen.storyboard in Resources */,
				7DF927F31EDEA241001AF22D /* CustomView.xib in Resources */,
				7DF927DA1EDEA22B001AF22D /* Assets.xcassets in Resources */,
				7DF927D81EDEA22B001AF22D /* Main.storyboard in Resources */,
			);
			runOnlyForDeploymentPostprocessing = 0;
		};
		7DF927E11EDEA22B001AF22D /* Resources */ = {
			isa = PBXResourcesBuildPhase;
			buildActionMask = 2147483647;
			files = (
			);
			runOnlyForDeploymentPostprocessing = 0;
		};
/* End PBXResourcesBuildPhase section */

/* Begin PBXSourcesBuildPhase section */
		7DF927CB1EDEA22B001AF22D /* Sources */ = {
			isa = PBXSourcesBuildPhase;
			buildActionMask = 2147483647;
			files = (
				7DF927F51EDEA259001AF22D /* CustomView.swift in Sources */,
				7DF927D51EDEA22B001AF22D /* ViewController.swift in Sources */,
				7DF927D31EDEA22B001AF22D /* AppDelegate.swift in Sources */,
			);
			runOnlyForDeploymentPostprocessing = 0;
		};
		7DF927DF1EDEA22B001AF22D /* Sources */ = {
			isa = PBXSourcesBuildPhase;
			buildActionMask = 2147483647;
			files = (
				7DF927E81EDEA22B001AF22D /* NibInStoryboardTests.swift in Sources */,
			);
			runOnlyForDeploymentPostprocessing = 0;
		};
/* End PBXSourcesBuildPhase section */

/* Begin PBXTargetDependency section */
		7DF927E51EDEA22B001AF22D /* PBXTargetDependency */ = {
			isa = PBXTargetDependency;
			target = 7DF927CE1EDEA22B001AF22D /* NibInStoryboard */;
			targetProxy = 7DF927E41EDEA22B001AF22D /* PBXContainerItemProxy */;
		};
/* End PBXTargetDependency section */

/* Begin PBXVariantGroup section */
		7DF927D61EDEA22B001AF22D /* Main.storyboard */ = {
			isa = PBXVariantGroup;
			children = (
				7DF927D71EDEA22B001AF22D /* Base */,
			);
			name = Main.storyboard;
			sourceTree = "<group>";
		};
		7DF927DB1EDEA22B001AF22D /* LaunchScreen.storyboard */ = {
			isa = PBXVariantGroup;
			children = (
				7DF927DC1EDEA22B001AF22D /* Base */,
			);
			name = LaunchScreen.storyboard;
			sourceTree = "<group>";
		};
/* End PBXVariantGroup section */

/* Begin XCBuildConfiguration section */
		7DF927EA1EDEA22B001AF22D /* Debug */ = {
			isa = XCBuildConfiguration;
			buildSettings = {
				ALWAYS_SEARCH_USER_PATHS = NO;
				CLANG_ANALYZER_NONNULL = YES;
				CLANG_ANALYZER_NUMBER_OBJECT_CONVERSION = YES_AGGRESSIVE;
				CLANG_CXX_LANGUAGE_STANDARD = "gnu++0x";
				CLANG_CXX_LIBRARY = "libc++";
				CLANG_ENABLE_MODULES = YES;
				CLANG_ENABLE_OBJC_ARC = YES;
				CLANG_WARN_BOOL_CONVERSION = YES;
				CLANG_WARN_CONSTANT_CONVERSION = YES;
				CLANG_WARN_DIRECT_OBJC_ISA_USAGE = YES_ERROR;
				CLANG_WARN_DOCUMENTATION_COMMENTS = YES;
				CLANG_WARN_EMPTY_BODY = YES;
				CLANG_WARN_ENUM_CONVERSION = YES;
				CLANG_WARN_INFINITE_RECURSION = YES;
				CLANG_WARN_INT_CONVERSION = YES;
				CLANG_WARN_OBJC_ROOT_CLASS = YES_ERROR;
				CLANG_WARN_SUSPICIOUS_MOVE = YES;
				CLANG_WARN_UNREACHABLE_CODE = YES;
				CLANG_WARN__DUPLICATE_METHOD_MATCH = YES;
				"CODE_SIGN_IDENTITY[sdk=iphoneos*]" = "iPhone Developer";
				COPY_PHASE_STRIP = NO;
				DEBUG_INFORMATION_FORMAT = dwarf;
				ENABLE_STRICT_OBJC_MSGSEND = YES;
				ENABLE_TESTABILITY = YES;
				GCC_C_LANGUAGE_STANDARD = gnu99;
				GCC_DYNAMIC_NO_PIC = NO;
				GCC_NO_COMMON_BLOCKS = YES;
				GCC_OPTIMIZATION_LEVEL = 0;
				GCC_PREPROCESSOR_DEFINITIONS = (
					"DEBUG=1",
					"$(inherited)",
				);
				GCC_WARN_64_TO_32_BIT_CONVERSION = YES;
				GCC_WARN_ABOUT_RETURN_TYPE = YES_ERROR;
				GCC_WARN_UNDECLARED_SELECTOR = YES;
				GCC_WARN_UNINITIALIZED_AUTOS = YES_AGGRESSIVE;
				GCC_WARN_UNUSED_FUNCTION = YES;
				GCC_WARN_UNUSED_VARIABLE = YES;
				IPHONEOS_DEPLOYMENT_TARGET = 10.3;
				MTL_ENABLE_DEBUG_INFO = YES;
				ONLY_ACTIVE_ARCH = YES;
				SDKROOT = iphoneos;
				SWIFT_ACTIVE_COMPILATION_CONDITIONS = DEBUG;
				SWIFT_OPTIMIZATION_LEVEL = "-Onone";
				TARGETED_DEVICE_FAMILY = "1,2";
			};
			name = Debug;
		};
		7DF927EB1EDEA22B001AF22D /* Release */ = {
			isa = XCBuildConfiguration;
			buildSettings = {
				ALWAYS_SEARCH_USER_PATHS = NO;
				CLANG_ANALYZER_NONNULL = YES;
				CLANG_ANALYZER_NUMBER_OBJECT_CONVERSION = YES_AGGRESSIVE;
				CLANG_CXX_LANGUAGE_STANDARD = "gnu++0x";
				CLANG_CXX_LIBRARY = "libc++";
				CLANG_ENABLE_MODULES = YES;
				CLANG_ENABLE_OBJC_ARC = YES;
				CLANG_WARN_BOOL_CONVERSION = YES;
				CLANG_WARN_CONSTANT_CONVERSION = YES;
				CLANG_WARN_DIRECT_OBJC_ISA_USAGE = YES_ERROR;
				CLANG_WARN_DOCUMENTATION_COMMENTS = YES;
				CLANG_WARN_EMPTY_BODY = YES;
				CLANG_WARN_ENUM_CONVERSION = YES;
				CLANG_WARN_INFINITE_RECURSION = YES;
				CLANG_WARN_INT_CONVERSION = YES;
				CLANG_WARN_OBJC_ROOT_CLASS = YES_ERROR;
				CLANG_WARN_SUSPICIOUS_MOVE = YES;
				CLANG_WARN_UNREACHABLE_CODE = YES;
				CLANG_WARN__DUPLICATE_METHOD_MATCH = YES;
				"CODE_SIGN_IDENTITY[sdk=iphoneos*]" = "iPhone Developer";
				COPY_PHASE_STRIP = NO;
				DEBUG_INFORMATION_FORMAT = "dwarf-with-dsym";
				ENABLE_NS_ASSERTIONS = NO;
				ENABLE_STRICT_OBJC_MSGSEND = YES;
				GCC_C_LANGUAGE_STANDARD = gnu99;
				GCC_NO_COMMON_BLOCKS = YES;
				GCC_WARN_64_TO_32_BIT_CONVERSION = YES;
				GCC_WARN_ABOUT_RETURN_TYPE = YES_ERROR;
				GCC_WARN_UNDECLARED_SELECTOR = YES;
				GCC_WARN_UNINITIALIZED_AUTOS = YES_AGGRESSIVE;
				GCC_WARN_UNUSED_FUNCTION = YES;
				GCC_WARN_UNUSED_VARIABLE = YES;
				IPHONEOS_DEPLOYMENT_TARGET = 10.3;
				MTL_ENABLE_DEBUG_INFO = NO;
				SDKROOT = iphoneos;
				SWIFT_OPTIMIZATION_LEVEL = "-Owholemodule";
				TARGETED_DEVICE_FAMILY = "1,2";
				VALIDATE_PRODUCT = YES;
			};
			name = Release;
		};
		7DF927ED1EDEA22B001AF22D /* Debug */ = {
			isa = XCBuildConfiguration;
			buildSettings = {
				ASSETCATALOG_COMPILER_APPICON_NAME = AppIcon;
				CLANG_ENABLE_MODULES = YES;
				DEVELOPMENT_TEAM = RC7387MBAX;
				INFOPLIST_FILE = NibInStoryboard/Info.plist;
				LD_RUNPATH_SEARCH_PATHS = "$(inherited) @executable_path/Frameworks";
				PRODUCT_BUNDLE_IDENTIFIER = com.schaefer.kai.NibInStoryboard;
				PRODUCT_NAME = "$(TARGET_NAME)";
				SWIFT_OPTIMIZATION_LEVEL = "-Onone";
				SWIFT_VERSION = 3.0;
			};
			name = Debug;
		};
		7DF927EE1EDEA22B001AF22D /* Release */ = {
			isa = XCBuildConfiguration;
			buildSettings = {
				ASSETCATALOG_COMPILER_APPICON_NAME = AppIcon;
				CLANG_ENABLE_MODULES = YES;
				DEVELOPMENT_TEAM = RC7387MBAX;
				INFOPLIST_FILE = NibInStoryboard/Info.plist;
				LD_RUNPATH_SEARCH_PATHS = "$(inherited) @executable_path/Frameworks";
				PRODUCT_BUNDLE_IDENTIFIER = com.schaefer.kai.NibInStoryboard;
				PRODUCT_NAME = "$(TARGET_NAME)";
				SWIFT_VERSION = 3.0;
			};
			name = Release;
		};
		7DF927F01EDEA22B001AF22D /* Debug */ = {
			isa = XCBuildConfiguration;
			buildSettings = {
				ALWAYS_EMBED_SWIFT_STANDARD_LIBRARIES = YES;
				BUNDLE_LOADER = "$(TEST_HOST)";
				INFOPLIST_FILE = NibInStoryboardTests/Info.plist;
				LD_RUNPATH_SEARCH_PATHS = "$(inherited) @executable_path/Frameworks @loader_path/Frameworks";
				PRODUCT_BUNDLE_IDENTIFIER = com.schaefer.kai.NibInStoryboardTests;
				PRODUCT_NAME = "$(TARGET_NAME)";
				SWIFT_VERSION = 3.0;
				TEST_HOST = "$(BUILT_PRODUCTS_DIR)/NibInStoryboard.app/NibInStoryboard";
			};
			name = Debug;
		};
		7DF927F11EDEA22B001AF22D /* Release */ = {
			isa = XCBuildConfiguration;
			buildSettings = {
				ALWAYS_EMBED_SWIFT_STANDARD_LIBRARIES = YES;
				BUNDLE_LOADER = "$(TEST_HOST)";
				INFOPLIST_FILE = NibInStoryboardTests/Info.plist;
				LD_RUNPATH_SEARCH_PATHS = "$(inherited) @executable_path/Frameworks @loader_path/Frameworks";
				PRODUCT_BUNDLE_IDENTIFIER = com.schaefer.kai.NibInStoryboardTests;
				PRODUCT_NAME = "$(TARGET_NAME)";
				SWIFT_VERSION = 3.0;
				TEST_HOST = "$(BUILT_PRODUCTS_DIR)/NibInStoryboard.app/NibInStoryboard";
			};
			name = Release;
		};
/* End XCBuildConfiguration section */

/* Begin XCConfigurationList section */
		7DF927CA1EDEA22A001AF22D /* Build configuration list for PBXProject "NibInStoryboard" */ = {
			isa = XCConfigurationList;
			buildConfigurations = (
				7DF927EA1EDEA22B001AF22D /* Debug */,
				7DF927EB1EDEA22B001AF22D /* Release */,
			);
			defaultConfigurationIsVisible = 0;
			defaultConfigurationName = Release;
		};
		7DF927EC1EDEA22B001AF22D /* Build configuration list for PBXNativeTarget "NibInStoryboard" */ = {
			isa = XCConfigurationList;
			buildConfigurations = (
				7DF927ED1EDEA22B001AF22D /* Debug */,
				7DF927EE1EDEA22B001AF22D /* Release */,
			);
			defaultConfigurationIsVisible = 0;
			defaultConfigurationName = Release;
		};
		7DF927EF1EDEA22B001AF22D /* Build configuration list for PBXNativeTarget "NibInStoryboardTests" */ = {
			isa = XCConfigurationList;
			buildConfigurations = (
				7DF927F01EDEA22B001AF22D /* Debug */,
				7DF927F11EDEA22B001AF22D /* Release */,
			);
			defaultConfigurationIsVisible = 0;
			defaultConfigurationName = Release;
		};
/* End XCConfigurationList section */
	};
	rootObject = 7DF927C71EDEA22A001AF22D /* Project object */;
}
